
Microsoft Visual Studio Solution File, Format Version 12.00
# Visual Studio 2012
Project("{FAE04EC0-301F-11D3-BF4B-00C04F79EFBC}") = "Rebus.Tests.Redis", "Rebus.Tests.Redis\Rebus.Tests.Redis.csproj", "{8A1FAE43-3D45-4A48-AF99-8503676CEAA8}"
EndProject
Project("{FAE04EC0-301F-11D3-BF4B-00C04F79EFBC}") = "Rebus.Redis", "Rebus.Redis\Rebus.Redis.csproj", "{E245B518-AD87-455B-AB64-EE4F9886B490}"
EndProject
Project("{2150E333-8FDC-42A3-9474-1A3956D46DE8}") = ".nuget", ".nuget", "{B9287387-6B69-434C-B6CB-7F0FF09B2DD1}"
	ProjectSection(SolutionItems) = preProject
		.nuget\packages.config = .nuget\packages.config
	EndProjectSection
EndProject
Global
	GlobalSection(SolutionConfigurationPlatforms) = preSolution
		Debug|Any CPU = Debug|Any CPU
		Release|Any CPU = Release|Any CPU
	EndGlobalSection
	GlobalSection(ProjectConfigurationPlatforms) = postSolution
		{8A1FAE43-3D45-4A48-AF99-8503676CEAA8}.Debug|Any CPU.ActiveCfg = Debug|Any CPU
		{8A1FAE43-3D45-4A48-AF99-8503676CEAA8}.Debug|Any CPU.Build.0 = Debug|Any CPU
		{8A1FAE43-3D45-4A48-AF99-8503676CEAA8}.Release|Any CPU.ActiveCfg = Release|Any CPU
		{8A1FAE43-3D45-4A48-AF99-8503676CEAA8}.Release|Any CPU.Build.0 = Release|Any CPU
		{E245B518-AD87-455B-AB64-EE4F9886B490}.Debug|Any CPU.ActiveCfg = Debug|Any CPU
		{E245B518-AD87-455B-AB64-EE4F9886B490}.Debug|Any CPU.Build.0 = Debug|Any CPU
		{E245B518-AD87-455B-AB64-EE4F9886B490}.Release|Any CPU.ActiveCfg = Release|Any CPU
		{E245B518-AD87-455B-AB64-EE4F9886B490}.Release|Any CPU.Build.0 = Release|Any CPU
	EndGlobalSection
	GlobalSection(NestedProjects) = preSolution
	EndGlobalSection
	GlobalSection(MonoDevelopProperties) = preSolution
		StartupItem = Rebus.Redis.Tests\Rebus.Tests.Redis.csproj
	EndGlobalSection
	GlobalSection(SolutionProperties) = preSolution
		HideSolutionNode = FALSE
	EndGlobalSection
EndGlobal
